
Microsoft Visual Studio Solution File, Format Version 12.00
# Visual Studio Version 16
VisualStudioVersion = 16.0.29209.62
MinimumVisualStudioVersion = 10.0.40219.1
Project("{9A19103F-16F7-4668-BE54-9A1E7A4F7556}") = "Sample.Test.E2E.Core", "Sample.Test.E2E.Core\Sample.Test.E2E.Core.csproj", "{8A8294BB-1998-4FB0-8ED4-EBE1B61B9E08}"
EndProject
Project("{9A19103F-16F7-4668-BE54-9A1E7A4F7556}") = "Sample.Test.E2E.Run", "Sample.Test.E2E.Run\Sample.Test.E2E.Run.csproj", "{D8436B03-7209-4243-8B30-4E25136A8CC9}"
EndProject
Global
	GlobalSection(SolutionConfigurationPlatforms) = preSolution
		Debug|Any CPU = Debug|Any CPU
		Release|Any CPU = Release|Any CPU
	EndGlobalSection
	GlobalSection(ProjectConfigurationPlatforms) = postSolution
		{8A8294BB-1998-4FB0-8ED4-EBE1B61B9E08}.Debug|Any CPU.ActiveCfg = Debug|Any CPU
		{8A8294BB-1998-4FB0-8ED4-EBE1B61B9E08}.Debug|Any CPU.Build.0 = Debug|Any CPU
		{8A8294BB-1998-4FB0-8ED4-EBE1B61B9E08}.Release|Any CPU.ActiveCfg = Release|Any CPU
		{8A8294BB-1998-4FB0-8ED4-EBE1B61B9E08}.Release|Any CPU.Build.0 = Release|Any CPU
		{D8436B03-7209-4243-8B30-4E25136A8CC9}.Debug|Any CPU.ActiveCfg = Debug|Any CPU
		{D8436B03-7209-4243-8B30-4E25136A8CC9}.Debug|Any CPU.Build.0 = Debug|Any CPU
		{D8436B03-7209-4243-8B30-4E25136A8CC9}.Release|Any CPU.ActiveCfg = Release|Any CPU
		{D8436B03-7209-4243-8B30-4E25136A8CC9}.Release|Any CPU.Build.0 = Release|Any CPU
	EndGlobalSection
	GlobalSection(SolutionProperties) = preSolution
		HideSolutionNode = FALSE
	EndGlobalSection
	GlobalSection(ExtensibilityGlobals) = postSolution
		SolutionGuid = {09A44E7B-EB6C-4398-AC6E-2208D48AC3A3}
	EndGlobalSection
EndGlobal
